
Microsoft Visual Studio Solution File, Format Version 12.00
# Visual Studio 15
Project("{FAE04EC0-301F-11D3-BF4B-00C04F79EFBC}") = "Assembly-CSharp", "Assembly-CSharp.csproj", "{0DE7BDA3-0164-6691-49C8-94989FFF406F}"
EndProject
Project("{FAE04EC0-301F-11D3-BF4B-00C04F79EFBC}") = "AimingRig", "AimingRig.csproj", "{E11D897C-8D12-9687-E692-C07F6FB83C2B}"
EndProject
Project("{FAE04EC0-301F-11D3-BF4B-00C04F79EFBC}") = "tim-cstj.export-project-to-zip", "tim-cstj.export-project-to-zip.csproj", "{E2238656-B06A-0CC9-470C-0A62FA40D6A0}"
EndProject
Global
	GlobalSection(SolutionConfigurationPlatforms) = preSolution
		Debug|Any CPU = Debug|Any CPU
		Release|Any CPU = Release|Any CPU
	EndGlobalSection
	GlobalSection(ProjectConfigurationPlatforms) = postSolution
		{0DE7BDA3-0164-6691-49C8-94989FFF406F}.Debug|Any CPU.ActiveCfg = Debug|Any CPU
		{0DE7BDA3-0164-6691-49C8-94989FFF406F}.Debug|Any CPU.Build.0 = Debug|Any CPU
		{0DE7BDA3-0164-6691-49C8-94989FFF406F}.Release|Any CPU.ActiveCfg = Release|Any CPU
		{0DE7BDA3-0164-6691-49C8-94989FFF406F}.Release|Any CPU.Build.0 = Release|Any CPU
		{E11D897C-8D12-9687-E692-C07F6FB83C2B}.Debug|Any CPU.ActiveCfg = Debug|Any CPU
		{E11D897C-8D12-9687-E692-C07F6FB83C2B}.Debug|Any CPU.Build.0 = Debug|Any CPU
		{E11D897C-8D12-9687-E692-C07F6FB83C2B}.Release|Any CPU.ActiveCfg = Release|Any CPU
		{E11D897C-8D12-9687-E692-C07F6FB83C2B}.Release|Any CPU.Build.0 = Release|Any CPU
		{E2238656-B06A-0CC9-470C-0A62FA40D6A0}.Debug|Any CPU.ActiveCfg = Debug|Any CPU
		{E2238656-B06A-0CC9-470C-0A62FA40D6A0}.Debug|Any CPU.Build.0 = Debug|Any CPU
		{E2238656-B06A-0CC9-470C-0A62FA40D6A0}.Release|Any CPU.ActiveCfg = Release|Any CPU
		{E2238656-B06A-0CC9-470C-0A62FA40D6A0}.Release|Any CPU.Build.0 = Release|Any CPU
	EndGlobalSection
	GlobalSection(SolutionProperties) = preSolution
		HideSolutionNode = FALSE
	EndGlobalSection
EndGlobal
